
Microsoft Visual Studio Solution File, Format Version 12.00
# Visual Studio Version 17
VisualStudioVersion = 17.5.002.0
MinimumVisualStudioVersion = 10.0.40219.1
Project("{2150E333-8FDC-42A3-9474-1A3956D46DE8}") = "src", "src", "{D720C1A8-CE89-49CE-A971-DDA58A2D14AA}"
EndProject
Project("{2150E333-8FDC-42A3-9474-1A3956D46DE8}") = "AppExemplo", "AppExemplo", "{BAD51445-B40D-40B1-B0F9-7BAA6C1135A7}"
EndProject
Project("{9A19103F-16F7-4668-BE54-9A1E7A4F7556}") = "DataLayer", "src\AppExemplo\DataLayer\DataLayer.csproj", "{16A8E37D-101A-4B61-A75C-5A24BA8CD8BE}"
EndProject
Project("{9A19103F-16F7-4668-BE54-9A1E7A4F7556}") = "demo", "src\AppExemplo\demo\demo.csproj", "{2FB0989C-E5B0-4BBE-BCBA-5FD97A10C37F}"
EndProject
Project("{2150E333-8FDC-42A3-9474-1A3956D46DE8}") = "BelasArtes", "BelasArtes", "{118241C8-F9E4-460A-ADD4-7E2C8B14266E}"
EndProject
Project("{9A19103F-16F7-4668-BE54-9A1E7A4F7556}") = "DataLayer", "src\BelasArtes\DataLayer\DataLayer.csproj", "{411759D9-B97B-4C5E-87E3-3CCEC44B6C06}"
EndProject
Project("{9A19103F-16F7-4668-BE54-9A1E7A4F7556}") = "demo", "src\BelasArtes\demo\demo.csproj", "{F442C71E-2365-47C8-B12B-69833F2A74BC}"
EndProject
Global
	GlobalSection(SolutionConfigurationPlatforms) = preSolution
		Debug|Any CPU = Debug|Any CPU
		Release|Any CPU = Release|Any CPU
	EndGlobalSection
	GlobalSection(ProjectConfigurationPlatforms) = postSolution
		{16A8E37D-101A-4B61-A75C-5A24BA8CD8BE}.Debug|Any CPU.ActiveCfg = Debug|Any CPU
		{16A8E37D-101A-4B61-A75C-5A24BA8CD8BE}.Debug|Any CPU.Build.0 = Debug|Any CPU
		{16A8E37D-101A-4B61-A75C-5A24BA8CD8BE}.Release|Any CPU.ActiveCfg = Release|Any CPU
		{16A8E37D-101A-4B61-A75C-5A24BA8CD8BE}.Release|Any CPU.Build.0 = Release|Any CPU
		{2FB0989C-E5B0-4BBE-BCBA-5FD97A10C37F}.Debug|Any CPU.ActiveCfg = Debug|Any CPU
		{2FB0989C-E5B0-4BBE-BCBA-5FD97A10C37F}.Debug|Any CPU.Build.0 = Debug|Any CPU
		{2FB0989C-E5B0-4BBE-BCBA-5FD97A10C37F}.Release|Any CPU.ActiveCfg = Release|Any CPU
		{2FB0989C-E5B0-4BBE-BCBA-5FD97A10C37F}.Release|Any CPU.Build.0 = Release|Any CPU
		{411759D9-B97B-4C5E-87E3-3CCEC44B6C06}.Debug|Any CPU.ActiveCfg = Debug|Any CPU
		{411759D9-B97B-4C5E-87E3-3CCEC44B6C06}.Debug|Any CPU.Build.0 = Debug|Any CPU
		{411759D9-B97B-4C5E-87E3-3CCEC44B6C06}.Release|Any CPU.ActiveCfg = Release|Any CPU
		{411759D9-B97B-4C5E-87E3-3CCEC44B6C06}.Release|Any CPU.Build.0 = Release|Any CPU
		{F442C71E-2365-47C8-B12B-69833F2A74BC}.Debug|Any CPU.ActiveCfg = Debug|Any CPU
		{F442C71E-2365-47C8-B12B-69833F2A74BC}.Debug|Any CPU.Build.0 = Debug|Any CPU
		{F442C71E-2365-47C8-B12B-69833F2A74BC}.Release|Any CPU.ActiveCfg = Release|Any CPU
		{F442C71E-2365-47C8-B12B-69833F2A74BC}.Release|Any CPU.Build.0 = Release|Any CPU
	EndGlobalSection
	GlobalSection(SolutionProperties) = preSolution
		HideSolutionNode = FALSE
	EndGlobalSection
	GlobalSection(NestedProjects) = preSolution
		{BAD51445-B40D-40B1-B0F9-7BAA6C1135A7} = {D720C1A8-CE89-49CE-A971-DDA58A2D14AA}
		{16A8E37D-101A-4B61-A75C-5A24BA8CD8BE} = {BAD51445-B40D-40B1-B0F9-7BAA6C1135A7}
		{2FB0989C-E5B0-4BBE-BCBA-5FD97A10C37F} = {BAD51445-B40D-40B1-B0F9-7BAA6C1135A7}
		{118241C8-F9E4-460A-ADD4-7E2C8B14266E} = {D720C1A8-CE89-49CE-A971-DDA58A2D14AA}
		{411759D9-B97B-4C5E-87E3-3CCEC44B6C06} = {118241C8-F9E4-460A-ADD4-7E2C8B14266E}
		{F442C71E-2365-47C8-B12B-69833F2A74BC} = {118241C8-F9E4-460A-ADD4-7E2C8B14266E}
	EndGlobalSection
	GlobalSection(ExtensibilityGlobals) = postSolution
		SolutionGuid = {67469CB4-0D25-4347-8450-4C6164DBDC6D}
	EndGlobalSection
EndGlobal
